
Microsoft Visual Studio Solution File, Format Version 12.00
# Visual Studio Version 16
VisualStudioVersion = 16.0.30621.155
MinimumVisualStudioVersion = 10.0.40219.1
Project("{FAE04EC0-301F-11D3-BF4B-00C04F79EFBC}") = "SF_8_Results_Task_2", "SF_8_Results_Task_2.csproj", "{D4BFC0D9-2786-4FB2-9B06-219F596F6830}"
EndProject
Global
	GlobalSection(SolutionConfigurationPlatforms) = preSolution
		Debug|Any CPU = Debug|Any CPU
		Release|Any CPU = Release|Any CPU
	EndGlobalSection
	GlobalSection(ProjectConfigurationPlatforms) = postSolution
		{D4BFC0D9-2786-4FB2-9B06-219F596F6830}.Debug|Any CPU.ActiveCfg = Debug|Any CPU
		{D4BFC0D9-2786-4FB2-9B06-219F596F6830}.Debug|Any CPU.Build.0 = Debug|Any CPU
		{D4BFC0D9-2786-4FB2-9B06-219F596F6830}.Release|Any CPU.ActiveCfg = Release|Any CPU
		{D4BFC0D9-2786-4FB2-9B06-219F596F6830}.Release|Any CPU.Build.0 = Release|Any CPU
	EndGlobalSection
	GlobalSection(SolutionProperties) = preSolution
		HideSolutionNode = FALSE
	EndGlobalSection
	GlobalSection(ExtensibilityGlobals) = postSolution
		SolutionGuid = {E1BFD342-8B79-460B-B179-FF957F7435D0}
	EndGlobalSection
EndGlobal
